
Microsoft Visual Studio Solution File, Format Version 12.00
# Visual Studio 2013
VisualStudioVersion = 12.0.31101.0
MinimumVisualStudioVersion = 10.0.40219.1
Project("{8BC9CEB8-8B4A-11D0-8D11-00A0C91BC942}") = "SimpleQuickletClient", "SimpleQuickletClient\SimpleQuickletClient.vcxproj", "{4A824770-A218-4A87-904C-1BB56D234BE9}"
EndProject
Project("{8BC9CEB8-8B4A-11D0-8D11-00A0C91BC942}") = "QuickslingShell", "QuickslingShell\QuickslingShell.vcxproj", "{996A3D91-ACCA-452A-8479-D1A4A36D9E70}"
EndProject
Project("{8BC9CEB8-8B4A-11D0-8D11-00A0C91BC942}") = "Quicksling", "Quicksling\Quicksling.vcxproj", "{BBB721AB-4A0B-4450-A2D6-EA1B392A6581}"
EndProject
Project("{8BC9CEB8-8B4A-11D0-8D11-00A0C91BC942}") = "libcef_dll_wrapper", "Z:\Projects\quicklet-dev-client\cef_binary\build\libcef_dll\libcef_dll_wrapper.vcxproj", "{DCDCC8C3-9AF8-3587-8937-2A1C55FAB0D0}"
EndProject
Project("{8BC9CEB8-8B4A-11D0-8D11-00A0C91BC942}") = "QuickslingTest", "QuickslingTest\QuickslingTest.vcxproj", "{97C9194F-A1B2-457B-BBC1-A3C750DD28AE}"
EndProject
Global
	GlobalSection(SolutionConfigurationPlatforms) = preSolution
		Debug|Win32 = Debug|Win32
		Release|Win32 = Release|Win32
	EndGlobalSection
	GlobalSection(ProjectConfigurationPlatforms) = postSolution
		{4A824770-A218-4A87-904C-1BB56D234BE9}.Debug|Win32.ActiveCfg = Debug|Win32
		{4A824770-A218-4A87-904C-1BB56D234BE9}.Debug|Win32.Build.0 = Debug|Win32
		{4A824770-A218-4A87-904C-1BB56D234BE9}.Release|Win32.ActiveCfg = Release|Win32
		{4A824770-A218-4A87-904C-1BB56D234BE9}.Release|Win32.Build.0 = Release|Win32
		{996A3D91-ACCA-452A-8479-D1A4A36D9E70}.Debug|Win32.ActiveCfg = Debug|Win32
		{996A3D91-ACCA-452A-8479-D1A4A36D9E70}.Debug|Win32.Build.0 = Debug|Win32
		{996A3D91-ACCA-452A-8479-D1A4A36D9E70}.Release|Win32.ActiveCfg = Release|Win32
		{996A3D91-ACCA-452A-8479-D1A4A36D9E70}.Release|Win32.Build.0 = Release|Win32
		{BBB721AB-4A0B-4450-A2D6-EA1B392A6581}.Debug|Win32.ActiveCfg = Debug|Win32
		{BBB721AB-4A0B-4450-A2D6-EA1B392A6581}.Debug|Win32.Build.0 = Debug|Win32
		{BBB721AB-4A0B-4450-A2D6-EA1B392A6581}.Release|Win32.ActiveCfg = Release|Win32
		{BBB721AB-4A0B-4450-A2D6-EA1B392A6581}.Release|Win32.Build.0 = Release|Win32
		{DCDCC8C3-9AF8-3587-8937-2A1C55FAB0D0}.Debug|Win32.ActiveCfg = Debug|Win32
		{DCDCC8C3-9AF8-3587-8937-2A1C55FAB0D0}.Debug|Win32.Build.0 = Debug|Win32
		{DCDCC8C3-9AF8-3587-8937-2A1C55FAB0D0}.Release|Win32.ActiveCfg = Release|Win32
		{DCDCC8C3-9AF8-3587-8937-2A1C55FAB0D0}.Release|Win32.Build.0 = Release|Win32
		{97C9194F-A1B2-457B-BBC1-A3C750DD28AE}.Debug|Win32.ActiveCfg = Debug|Win32
		{97C9194F-A1B2-457B-BBC1-A3C750DD28AE}.Debug|Win32.Build.0 = Debug|Win32
		{97C9194F-A1B2-457B-BBC1-A3C750DD28AE}.Release|Win32.ActiveCfg = Release|Win32
		{97C9194F-A1B2-457B-BBC1-A3C750DD28AE}.Release|Win32.Build.0 = Release|Win32
	EndGlobalSection
	GlobalSection(SolutionProperties) = preSolution
		HideSolutionNode = FALSE
	EndGlobalSection
EndGlobal
