<?xml version="1.0" encoding="utf-8"?>
<Project ToolsVersion="4.0" xmlns="http://schemas.microsoft.com/developer/msbuild/2003">
  <ItemGroup>
    <Filter Include="Source Files">
      <UniqueIdentifier>{9b747537-d8da-43c8-b970-4820ce9c8f08}</UniqueIdentifier>
      <Extensions>cpp;c;cxx;def;odl;idl;hpj;bat;asm</Extensions>
    </Filter>
    <Filter Include="Header Files">
      <UniqueIdentifier>{a3659a55-bffb-48a9-b825-cb0ef7d90d6e}</UniqueIdentifier>
      <Extensions>h;hpp;hxx;hm;inl;inc</Extensions>
    </Filter>
    <Filter Include="Resource Files">
      <UniqueIdentifier>{425e23c9-3831-4b7d-bf53-5288b2201172}</UniqueIdentifier>
      <Extensions>rc;ico;cur;bmp;dlg;rc2;rct;bin;rgs;jpg;jpeg;jpe;manifest</Extensions>
    </Filter>
  </ItemGroup>
  <ItemGroup>
    <ClCompile Include="stdafx.cpp">
      <Filter>Source Files</Filter>
    </ClCompile>
    <ClCompile Include="Quicksling.cpp">
      <Filter>Source Files</Filter>
    </ClCompile>
    <ClCompile Include="Constants.cpp">
      <Filter>Source Files</Filter>
    </ClCompile>
    <ClCompile Include="CoreEventsProcessor.cpp">
      <Filter>Source Files</Filter>
    </ClCompile>
    <ClCompile Include="EventHandler.cpp">
      <Filter>Source Files</Filter>
    </ClCompile>
    <ClCompile Include="LongPoll.cpp">
      <Filter>Source Files</Filter>
    </ClCompile>
    <ClCompile Include="NetAware.cpp">
      <Filter>Source Files</Filter>
    </ClCompile>
    <ClCompile Include="QBInfo.cpp">
      <Filter>Source Files</Filter>
    </ClCompile>
    <ClCompile Include="qbXMLRPWrapper.cpp">
      <Filter>Source Files</Filter>
    </ClCompile>
    <ClCompile Include="RequestProcessor.cpp">
      <Filter>Source Files</Filter>
    </ClCompile>
    <ClCompile Include="ResponseDispatcher.cpp">
      <Filter>Source Files</Filter>
    </ClCompile>
    <ClCompile Include="Utility.cpp">
      <Filter>Source Files</Filter>
    </ClCompile>
  </ItemGroup>
  <ItemGroup>
    <ClInclude Include="stdafx.h">
      <Filter>Header Files</Filter>
    </ClInclude>
    <ClInclude Include="MainDlg.h">
      <Filter>Header Files</Filter>
    </ClInclude>
    <ClInclude Include="AboutDlg.h">
      <Filter>Header Files</Filter>
    </ClInclude>
    <ClInclude Include="resource.h">
      <Filter>Header Files</Filter>
    </ClInclude>
    <ClInclude Include="Conductor.h">
      <Filter>Header Files</Filter>
    </ClInclude>
    <ClInclude Include="Constants.h">
      <Filter>Header Files</Filter>
    </ClInclude>
    <ClInclude Include="CoreEventsProcessor.h">
      <Filter>Header Files</Filter>
    </ClInclude>
    <ClInclude Include="EventHandler.h">
      <Filter>Header Files</Filter>
    </ClInclude>
    <ClInclude Include="INet.h">
      <Filter>Header Files</Filter>
    </ClInclude>
    <ClInclude Include="LevionMisc.h">
      <Filter>Header Files</Filter>
    </ClInclude>
    <ClInclude Include="LongPoll.h">
      <Filter>Header Files</Filter>
    </ClInclude>
    <ClInclude Include="NetAware.h">
      <Filter>Header Files</Filter>
    </ClInclude>
    <ClInclude Include="Orchestrator.h">
      <Filter>Header Files</Filter>
    </ClInclude>
    <ClInclude Include="QBInfo.h">
      <Filter>Header Files</Filter>
    </ClInclude>
    <ClInclude Include="qbXMLRPWrapper.h">
      <Filter>Header Files</Filter>
    </ClInclude>
    <ClInclude Include="qbXMLTags.h">
      <Filter>Header Files</Filter>
    </ClInclude>
    <ClInclude Include="Quicksling.h">
      <Filter>Header Files</Filter>
    </ClInclude>
    <ClInclude Include="RequestProcessor.h">
      <Filter>Header Files</Filter>
    </ClInclude>
    <ClInclude Include="ResponseDispatcher.h">
      <Filter>Header Files</Filter>
    </ClInclude>
    <ClInclude Include="ResponseEnvelope.h">
      <Filter>Header Files</Filter>
    </ClInclude>
    <ClInclude Include="rsettings.h">
      <Filter>Header Files</Filter>
    </ClInclude>
    <ClInclude Include="Settings.h">
      <Filter>Header Files</Filter>
    </ClInclude>
    <ClInclude Include="Utility.h">
      <Filter>Header Files</Filter>
    </ClInclude>
  </ItemGroup>
  <ItemGroup>
    <ResourceCompile Include="Quicksling.rc">
      <Filter>Resource Files</Filter>
    </ResourceCompile>
  </ItemGroup>
  <ItemGroup>
    <Image Include="res\Quicksling.ico">
      <Filter>Resource Files</Filter>
    </Image>
  </ItemGroup>
</Project>